
Microsoft Visual Studio Solution File, Format Version 12.00
# Visual Studio Version 16
VisualStudioVersion = 16.0.30517.126
MinimumVisualStudioVersion = 10.0.40219.1
Project("{FAE04EC0-301F-11D3-BF4B-00C04F79EFBC}") = "ClassLibrary1", "ClassLibrary1\ClassLibrary1.csproj", "{CF07EAF5-C7D0-4FD5-8679-45F5579C173F}"
EndProject
Global
	GlobalSection(SolutionConfigurationPlatforms) = preSolution
		Debug|Any CPU = Debug|Any CPU
		Release|Any CPU = Release|Any CPU
	EndGlobalSection
	GlobalSection(ProjectConfigurationPlatforms) = postSolution
		{CF07EAF5-C7D0-4FD5-8679-45F5579C173F}.Debug|Any CPU.ActiveCfg = Debug|Any CPU
		{CF07EAF5-C7D0-4FD5-8679-45F5579C173F}.Debug|Any CPU.Build.0 = Debug|Any CPU
		{CF07EAF5-C7D0-4FD5-8679-45F5579C173F}.Release|Any CPU.ActiveCfg = Release|Any CPU
		{CF07EAF5-C7D0-4FD5-8679-45F5579C173F}.Release|Any CPU.Build.0 = Release|Any CPU
	EndGlobalSection
	GlobalSection(SolutionProperties) = preSolution
		HideSolutionNode = FALSE
	EndGlobalSection
	GlobalSection(ExtensibilityGlobals) = postSolution
		SolutionGuid = {797BABCE-579C-4994-993F-F12A3F6F6EFA}
	EndGlobalSection
EndGlobal
